
Microsoft Visual Studio Solution File, Format Version 12.00
# Visual Studio Version 16
VisualStudioVersion = 16.0.35130.168
MinimumVisualStudioVersion = 10.0.40219.1
Project("{FAE04EC0-301F-11D3-BF4B-00C04F79EFBC}") = "UltimoAliento", "UltimoAliento\UltimoAliento.csproj", "{EACD2B9B-615F-461D-80C1-B9478BB935AF}"
EndProject
Project("{FAE04EC0-301F-11D3-BF4B-00C04F79EFBC}") = "Entidades", "Entidades\Entidades.csproj", "{ADB3EC6C-266A-40E2-959D-62835ABF77DA}"
EndProject
Project("{FAE04EC0-301F-11D3-BF4B-00C04F79EFBC}") = "BLL", "BLL\BLL.csproj", "{1BC88CB0-4382-4D38-A493-652701A34130}"
EndProject
Project("{FAE04EC0-301F-11D3-BF4B-00C04F79EFBC}") = "DAL", "DAL\DAL.csproj", "{F07934FA-7D95-428C-A577-01BC378E6802}"
EndProject
Global
	GlobalSection(SolutionConfigurationPlatforms) = preSolution
		Debug|Any CPU = Debug|Any CPU
		Release|Any CPU = Release|Any CPU
	EndGlobalSection
	GlobalSection(ProjectConfigurationPlatforms) = postSolution
		{EACD2B9B-615F-461D-80C1-B9478BB935AF}.Debug|Any CPU.ActiveCfg = Debug|Any CPU
		{EACD2B9B-615F-461D-80C1-B9478BB935AF}.Debug|Any CPU.Build.0 = Debug|Any CPU
		{EACD2B9B-615F-461D-80C1-B9478BB935AF}.Release|Any CPU.ActiveCfg = Release|Any CPU
		{EACD2B9B-615F-461D-80C1-B9478BB935AF}.Release|Any CPU.Build.0 = Release|Any CPU
		{ADB3EC6C-266A-40E2-959D-62835ABF77DA}.Debug|Any CPU.ActiveCfg = Debug|Any CPU
		{ADB3EC6C-266A-40E2-959D-62835ABF77DA}.Debug|Any CPU.Build.0 = Debug|Any CPU
		{ADB3EC6C-266A-40E2-959D-62835ABF77DA}.Release|Any CPU.ActiveCfg = Release|Any CPU
		{ADB3EC6C-266A-40E2-959D-62835ABF77DA}.Release|Any CPU.Build.0 = Release|Any CPU
		{1BC88CB0-4382-4D38-A493-652701A34130}.Debug|Any CPU.ActiveCfg = Debug|Any CPU
		{1BC88CB0-4382-4D38-A493-652701A34130}.Debug|Any CPU.Build.0 = Debug|Any CPU
		{1BC88CB0-4382-4D38-A493-652701A34130}.Release|Any CPU.ActiveCfg = Release|Any CPU
		{1BC88CB0-4382-4D38-A493-652701A34130}.Release|Any CPU.Build.0 = Release|Any CPU
		{F07934FA-7D95-428C-A577-01BC378E6802}.Debug|Any CPU.ActiveCfg = Debug|Any CPU
		{F07934FA-7D95-428C-A577-01BC378E6802}.Debug|Any CPU.Build.0 = Debug|Any CPU
		{F07934FA-7D95-428C-A577-01BC378E6802}.Release|Any CPU.ActiveCfg = Release|Any CPU
		{F07934FA-7D95-428C-A577-01BC378E6802}.Release|Any CPU.Build.0 = Release|Any CPU
	EndGlobalSection
	GlobalSection(SolutionProperties) = preSolution
		HideSolutionNode = FALSE
	EndGlobalSection
	GlobalSection(ExtensibilityGlobals) = postSolution
		SolutionGuid = {699097F7-26FC-43A6-9FD5-E3E0CB2133CA}
	EndGlobalSection
EndGlobal
